
Microsoft Visual Studio Solution File, Format Version 12.00
# Visual Studio Version 17
VisualStudioVersion = 17.8.34525.116
MinimumVisualStudioVersion = 10.0.40219.1
Project("{FAE04EC0-301F-11D3-BF4B-00C04F79EFBC}") = "CrudMvvm1", "CrudMvvm1\CrudMvvm1.csproj", "{240970CB-7B1B-46D8-9094-8640A79FE3F8}"
EndProject
Global
	GlobalSection(SolutionConfigurationPlatforms) = preSolution
		Debug|Any CPU = Debug|Any CPU
		Release|Any CPU = Release|Any CPU
	EndGlobalSection
	GlobalSection(ProjectConfigurationPlatforms) = postSolution
		{240970CB-7B1B-46D8-9094-8640A79FE3F8}.Debug|Any CPU.ActiveCfg = Debug|Any CPU
		{240970CB-7B1B-46D8-9094-8640A79FE3F8}.Debug|Any CPU.Build.0 = Debug|Any CPU
		{240970CB-7B1B-46D8-9094-8640A79FE3F8}.Debug|Any CPU.Deploy.0 = Debug|Any CPU
		{240970CB-7B1B-46D8-9094-8640A79FE3F8}.Release|Any CPU.ActiveCfg = Release|Any CPU
		{240970CB-7B1B-46D8-9094-8640A79FE3F8}.Release|Any CPU.Build.0 = Release|Any CPU
		{240970CB-7B1B-46D8-9094-8640A79FE3F8}.Release|Any CPU.Deploy.0 = Release|Any CPU
	EndGlobalSection
	GlobalSection(SolutionProperties) = preSolution
		HideSolutionNode = FALSE
	EndGlobalSection
	GlobalSection(ExtensibilityGlobals) = postSolution
		SolutionGuid = {943BC7DC-16FD-4EAD-B87F-D47CCB121905}
	EndGlobalSection
EndGlobal
